// !$*UTF8*$!
{
	archiveVersion = 1;
	classes = {
	};
	objectVersion = 46;
	objects = {

/* Begin PBXBuildFile section */
		50A1040915B9F1490075EE0E /* Cocoa.framework in Frameworks */ = {isa = PBXBuildFile; fileRef = 50A1040815B9F1490075EE0E /* Cocoa.framework */; };
		50A1041315B9F1490075EE0E /* InfoPlist.strings in Resources */ = {isa = PBXBuildFile; fileRef = 50A1041115B9F1490075EE0E /* InfoPlist.strings */; };
		50A1041515B9F1490075EE0E /* main.m in Sources */ = {isa = PBXBuildFile; fileRef = 50A1041415B9F1490075EE0E /* main.m */; };
		50A1041C15B9F1490075EE0E /* AppDelegate.m in Sources */ = {isa = PBXBuildFile; fileRef = 50A1041B15B9F1490075EE0E /* AppDelegate.m */; };
		50A1041F15B9F1490075EE0E /* MainMenu.xib in Resources */ = {isa = PBXBuildFile; fileRef = 50A1041D15B9F1490075EE0E /* MainMenu.xib */; };
		50A1042615B9F15F0075EE0E /* OpenGL.framework in Frameworks */ = {isa = PBXBuildFile; fileRef = 50A1042515B9F15F0075EE0E /* OpenGL.framework */; };
		50A1042E15B9F2050075EE0E /* Viewport.m in Sources */ = {isa = PBXBuildFile; fileRef = 50A1042D15B9F2050075EE0E /* Viewport.m */; };
		96103DBF16B0937F002A0430 /* Editor_visual.ll.o in Frameworks */ = {isa = PBXBuildFile; fileRef = 96103DBD16B0937F002A0430 /* Editor_visual.ll.o */; };
		96103E0C16B09400002A0430 /* gc_runtime.o in Frameworks */ = {isa = PBXBuildFile; fileRef = 96103E0A16B09400002A0430 /* gc_runtime.o */; };
		96103E0D16B09400002A0430 /* z.o in Frameworks */ = {isa = PBXBuildFile; fileRef = 96103E0B16B09400002A0430 /* z.o */; };
		966D3D0616A9503B00183D97 /* UIKit.framework in Frameworks */ = {isa = PBXBuildFile; fileRef = 966D3D0516A9503B00183D97 /* UIKit.framework */; };
		966D3D0816A9503B00183D97 /* Foundation.framework in Frameworks */ = {isa = PBXBuildFile; fileRef = 966D3D0716A9503B00183D97 /* Foundation.framework */; };
		966D3D0A16A9503B00183D97 /* CoreGraphics.framework in Frameworks */ = {isa = PBXBuildFile; fileRef = 966D3D0916A9503B00183D97 /* CoreGraphics.framework */; };
		966D3D0C16A9503B00183D97 /* GLKit.framework in Frameworks */ = {isa = PBXBuildFile; fileRef = 966D3D0B16A9503B00183D97 /* GLKit.framework */; };
		966D3D0E16A9503B00183D97 /* OpenGLES.framework in Frameworks */ = {isa = PBXBuildFile; fileRef = 966D3D0D16A9503B00183D97 /* OpenGLES.framework */; };
		966D3D1416A9503B00183D97 /* InfoPlist.strings in Resources */ = {isa = PBXBuildFile; fileRef = 966D3D1216A9503B00183D97 /* InfoPlist.strings */; };
		966D3D1616A9503B00183D97 /* main.m in Sources */ = {isa = PBXBuildFile; fileRef = 966D3D1516A9503B00183D97 /* main.m */; };
		966D3D1A16A9503B00183D97 /* AppDelegate.m in Sources */ = {isa = PBXBuildFile; fileRef = 966D3D1916A9503B00183D97 /* AppDelegate.m */; };
		966D3D1C16A9503B00183D97 /* Default.png in Resources */ = {isa = PBXBuildFile; fileRef = 966D3D1B16A9503B00183D97 /* Default.png */; };
		966D3D1E16A9503B00183D97 /* Default@2x.png in Resources */ = {isa = PBXBuildFile; fileRef = 966D3D1D16A9503B00183D97 /* Default@2x.png */; };
		966D3D2016A9503B00183D97 /* Default-568h@2x.png in Resources */ = {isa = PBXBuildFile; fileRef = 966D3D1F16A9503B00183D97 /* Default-568h@2x.png */; };
		966D3D2216A9503B00183D97 /* Shader.fsh in Resources */ = {isa = PBXBuildFile; fileRef = 966D3D2116A9503B00183D97 /* Shader.fsh */; };
		966D3D2416A9503B00183D97 /* Shader.vsh in Resources */ = {isa = PBXBuildFile; fileRef = 966D3D2316A9503B00183D97 /* Shader.vsh */; };
		966D3D2716A9503B00183D97 /* EditorViewController.m in Sources */ = {isa = PBXBuildFile; fileRef = 966D3D2616A9503B00183D97 /* EditorViewController.m */; };
		966D3D3016A9505A00183D97 /* QuartzCore.framework in Frameworks */ = {isa = PBXBuildFile; fileRef = 966D3D2F16A9505A00183D97 /* QuartzCore.framework */; };
		966D3D3D16A95B4A00183D97 /* FlickDynamics.m in Sources */ = {isa = PBXBuildFile; fileRef = 966D3D3C16A95B4A00183D97 /* FlickDynamics.m */; };
/* End PBXBuildFile section */

/* Begin PBXFileReference section */
		50A1040415B9F1490075EE0E /* Editor.app */ = {isa = PBXFileReference; explicitFileType = wrapper.application; includeInIndex = 0; path = Editor.app; sourceTree = BUILT_PRODUCTS_DIR; };
		50A1040815B9F1490075EE0E /* Cocoa.framework */ = {isa = PBXFileReference; lastKnownFileType = wrapper.framework; name = Cocoa.framework; path = System/Library/Frameworks/Cocoa.framework; sourceTree = SDKROOT; };
		50A1040B15B9F1490075EE0E /* AppKit.framework */ = {isa = PBXFileReference; lastKnownFileType = wrapper.framework; name = AppKit.framework; path = System/Library/Frameworks/AppKit.framework; sourceTree = SDKROOT; };
		50A1040C15B9F1490075EE0E /* CoreData.framework */ = {isa = PBXFileReference; lastKnownFileType = wrapper.framework; name = CoreData.framework; path = System/Library/Frameworks/CoreData.framework; sourceTree = SDKROOT; };
		50A1040D15B9F1490075EE0E /* Foundation.framework */ = {isa = PBXFileReference; lastKnownFileType = wrapper.framework; name = Foundation.framework; path = System/Library/Frameworks/Foundation.framework; sourceTree = SDKROOT; };
		50A1041015B9F1490075EE0E /* Editor-Info.plist */ = {isa = PBXFileReference; lastKnownFileType = text.plist.xml; path = "Editor-Info.plist"; sourceTree = "<group>"; };
		50A1041215B9F1490075EE0E /* en */ = {isa = PBXFileReference; lastKnownFileType = text.plist.strings; name = en; path = en.lproj/InfoPlist.strings; sourceTree = "<group>"; };
		50A1041415B9F1490075EE0E /* main.m */ = {isa = PBXFileReference; lastKnownFileType = sourcecode.c.objc; path = main.m; sourceTree = "<group>"; };
		50A1041615B9F1490075EE0E /* Editor-Prefix.pch */ = {isa = PBXFileReference; lastKnownFileType = sourcecode.c.h; path = "Editor-Prefix.pch"; sourceTree = "<group>"; };
		50A1041A15B9F1490075EE0E /* AppDelegate.h */ = {isa = PBXFileReference; lastKnownFileType = sourcecode.c.h; path = AppDelegate.h; sourceTree = "<group>"; };
		50A1041B15B9F1490075EE0E /* AppDelegate.m */ = {isa = PBXFileReference; lastKnownFileType = sourcecode.c.objc; path = AppDelegate.m; sourceTree = "<group>"; };
		50A1041E15B9F1490075EE0E /* en */ = {isa = PBXFileReference; lastKnownFileType = file.xib; name = en; path = en.lproj/MainMenu.xib; sourceTree = "<group>"; };
		50A1042515B9F15F0075EE0E /* OpenGL.framework */ = {isa = PBXFileReference; lastKnownFileType = wrapper.framework; name = OpenGL.framework; path = System/Library/Frameworks/OpenGL.framework; sourceTree = SDKROOT; };
		50A1042C15B9F2050075EE0E /* Viewport.h */ = {isa = PBXFileReference; fileEncoding = 4; lastKnownFileType = sourcecode.c.h; path = Viewport.h; sourceTree = "<group>"; };
		50A1042D15B9F2050075EE0E /* Viewport.m */ = {isa = PBXFileReference; fileEncoding = 4; lastKnownFileType = sourcecode.c.objc; path = Viewport.m; sourceTree = "<group>"; };
		96103DBC16B0937F002A0430 /* Editor_visual.h */ = {isa = PBXFileReference; fileEncoding = 4; lastKnownFileType = sourcecode.c.h; name = Editor_visual.h; path = x86/Editor_visual.h; sourceTree = SOURCE_ROOT; };
		96103DBD16B0937F002A0430 /* Editor_visual.ll.o */ = {isa = PBXFileReference; lastKnownFileType = "compiled.mach-o.objfile"; name = Editor_visual.ll.o; path = x86/Editor_visual.ll.o; sourceTree = SOURCE_ROOT; };
		96103E0916B093D6002A0430 /* z.c */ = {isa = PBXFileReference; lastKnownFileType = sourcecode.c.c; name = z.c; path = ../../z.c; sourceTree = "<group>"; };
		96103E0A16B09400002A0430 /* gc_runtime.o */ = {isa = PBXFileReference; lastKnownFileType = "compiled.mach-o.objfile"; name = gc_runtime.o; path = ../../ir/gc_runtime.o; sourceTree = "<group>"; };
		96103E0B16B09400002A0430 /* z.o */ = {isa = PBXFileReference; lastKnownFileType = "compiled.mach-o.objfile"; name = z.o; path = ../../ir/z.o; sourceTree = "<group>"; };
		96103E0E16B09428002A0430 /* runtime.c */ = {isa = PBXFileReference; lastKnownFileType = sourcecode.c.c; name = runtime.c; path = ../../gc/runtime.c; sourceTree = "<group>"; };
		966D3D0316A9503B00183D97 /* Skylark.app */ = {isa = PBXFileReference; explicitFileType = wrapper.application; includeInIndex = 0; path = Skylark.app; sourceTree = BUILT_PRODUCTS_DIR; };
		966D3D0516A9503B00183D97 /* UIKit.framework */ = {isa = PBXFileReference; lastKnownFileType = wrapper.framework; name = UIKit.framework; path = Library/Frameworks/UIKit.framework; sourceTree = DEVELOPER_DIR; };
		966D3D0716A9503B00183D97 /* Foundation.framework */ = {isa = PBXFileReference; lastKnownFileType = wrapper.framework; name = Foundation.framework; path = Library/Frameworks/Foundation.framework; sourceTree = DEVELOPER_DIR; };
		966D3D0916A9503B00183D97 /* CoreGraphics.framework */ = {isa = PBXFileReference; lastKnownFileType = wrapper.framework; name = CoreGraphics.framework; path = Library/Frameworks/CoreGraphics.framework; sourceTree = SDKROOT; };
		966D3D0B16A9503B00183D97 /* GLKit.framework */ = {isa = PBXFileReference; lastKnownFileType = wrapper.framework; name = GLKit.framework; path = Library/Frameworks/GLKit.framework; sourceTree = DEVELOPER_DIR; };
		966D3D0D16A9503B00183D97 /* OpenGLES.framework */ = {isa = PBXFileReference; lastKnownFileType = wrapper.framework; name = OpenGLES.framework; path = Library/Frameworks/OpenGLES.framework; sourceTree = DEVELOPER_DIR; };
		966D3D1116A9503B00183D97 /* Skylark-Info.plist */ = {isa = PBXFileReference; lastKnownFileType = text.plist.xml; path = "Skylark-Info.plist"; sourceTree = "<group>"; };
		966D3D1316A9503B00183D97 /* en */ = {isa = PBXFileReference; lastKnownFileType = text.plist.strings; name = en; path = en.lproj/InfoPlist.strings; sourceTree = "<group>"; };
		966D3D1516A9503B00183D97 /* main.m */ = {isa = PBXFileReference; lastKnownFileType = sourcecode.c.objc; path = main.m; sourceTree = "<group>"; };
		966D3D1716A9503B00183D97 /* Skylark-Prefix.pch */ = {isa = PBXFileReference; lastKnownFileType = sourcecode.c.h; path = "Skylark-Prefix.pch"; sourceTree = "<group>"; };
		966D3D1816A9503B00183D97 /* AppDelegate.h */ = {isa = PBXFileReference; lastKnownFileType = sourcecode.c.h; path = AppDelegate.h; sourceTree = "<group>"; };
		966D3D1916A9503B00183D97 /* AppDelegate.m */ = {isa = PBXFileReference; lastKnownFileType = sourcecode.c.objc; path = AppDelegate.m; sourceTree = "<group>"; };
		966D3D1B16A9503B00183D97 /* Default.png */ = {isa = PBXFileReference; lastKnownFileType = image.png; path = Default.png; sourceTree = "<group>"; };
		966D3D1D16A9503B00183D97 /* Default@2x.png */ = {isa = PBXFileReference; lastKnownFileType = image.png; path = "Default@2x.png"; sourceTree = "<group>"; };
		966D3D1F16A9503B00183D97 /* Default-568h@2x.png */ = {isa = PBXFileReference; lastKnownFileType = image.png; path = "Default-568h@2x.png"; sourceTree = "<group>"; };
		966D3D2116A9503B00183D97 /* Shader.fsh */ = {isa = PBXFileReference; lastKnownFileType = sourcecode.glsl; name = Shader.fsh; path = Shaders/Shader.fsh; sourceTree = "<group>"; };
		966D3D2316A9503B00183D97 /* Shader.vsh */ = {isa = PBXFileReference; lastKnownFileType = sourcecode.glsl; name = Shader.vsh; path = Shaders/Shader.vsh; sourceTree = "<group>"; };
		966D3D2516A9503B00183D97 /* EditorViewController.h */ = {isa = PBXFileReference; lastKnownFileType = sourcecode.c.h; path = EditorViewController.h; sourceTree = "<group>"; };
		966D3D2616A9503B00183D97 /* EditorViewController.m */ = {isa = PBXFileReference; lastKnownFileType = sourcecode.c.objc; path = EditorViewController.m; sourceTree = "<group>"; };
		966D3D2F16A9505A00183D97 /* QuartzCore.framework */ = {isa = PBXFileReference; lastKnownFileType = wrapper.framework; name = QuartzCore.framework; path = Platforms/iPhoneOS.platform/Developer/SDKs/iPhoneOS6.0.sdk/System/Library/Frameworks/QuartzCore.framework; sourceTree = DEVELOPER_DIR; };
		966D3D3B16A95B4900183D97 /* FlickDynamics.h */ = {isa = PBXFileReference; fileEncoding = 4; lastKnownFileType = sourcecode.c.h; path = FlickDynamics.h; sourceTree = "<group>"; };
		966D3D3C16A95B4A00183D97 /* FlickDynamics.m */ = {isa = PBXFileReference; fileEncoding = 4; lastKnownFileType = sourcecode.c.objc; path = FlickDynamics.m; sourceTree = "<group>"; };
/* End PBXFileReference section */

/* Begin PBXFrameworksBuildPhase section */
		50A1040115B9F1490075EE0E /* Frameworks */ = {
			isa = PBXFrameworksBuildPhase;
			buildActionMask = 2147483647;
			files = (
				50A1040915B9F1490075EE0E /* Cocoa.framework in Frameworks */,
				50A1042615B9F15F0075EE0E /* OpenGL.framework in Frameworks */,
				96103DBF16B0937F002A0430 /* Editor_visual.ll.o in Frameworks */,
				96103E0C16B09400002A0430 /* gc_runtime.o in Frameworks */,
				96103E0D16B09400002A0430 /* z.o in Frameworks */,
			);
			runOnlyForDeploymentPostprocessing = 0;
		};
		966D3D0016A9503A00183D97 /* Frameworks */ = {
			isa = PBXFrameworksBuildPhase;
			buildActionMask = 2147483647;
			files = (
				966D3D3016A9505A00183D97 /* QuartzCore.framework in Frameworks */,
				966D3D0616A9503B00183D97 /* UIKit.framework in Frameworks */,
				966D3D0816A9503B00183D97 /* Foundation.framework in Frameworks */,
				966D3D0A16A9503B00183D97 /* CoreGraphics.framework in Frameworks */,
				966D3D0C16A9503B00183D97 /* GLKit.framework in Frameworks */,
				966D3D0E16A9503B00183D97 /* OpenGLES.framework in Frameworks */,
			);
			runOnlyForDeploymentPostprocessing = 0;
		};
/* End PBXFrameworksBuildPhase section */

/* Begin PBXGroup section */
		50A103F915B9F1480075EE0E = {
			isa = PBXGroup;
			children = (
				50A1040E15B9F1490075EE0E /* OSX */,
				966D3D0F16A9503B00183D97 /* Skylark */,
				50A1040715B9F1490075EE0E /* Frameworks */,
				50A1040515B9F1490075EE0E /* Products */,
			);
			sourceTree = "<group>";
		};
		50A1040515B9F1490075EE0E /* Products */ = {
			isa = PBXGroup;
			children = (
				50A1040415B9F1490075EE0E /* Editor.app */,
				966D3D0316A9503B00183D97 /* Skylark.app */,
			);
			name = Products;
			sourceTree = "<group>";
		};
		50A1040715B9F1490075EE0E /* Frameworks */ = {
			isa = PBXGroup;
			children = (
				50A1040815B9F1490075EE0E /* Cocoa.framework */,
				50A1042515B9F15F0075EE0E /* OpenGL.framework */,
				966D3D2F16A9505A00183D97 /* QuartzCore.framework */,
				966D3D0516A9503B00183D97 /* UIKit.framework */,
				966D3D0716A9503B00183D97 /* Foundation.framework */,
				966D3D0916A9503B00183D97 /* CoreGraphics.framework */,
				966D3D0B16A9503B00183D97 /* GLKit.framework */,
				966D3D0D16A9503B00183D97 /* OpenGLES.framework */,
				50A1040A15B9F1490075EE0E /* Other Frameworks */,
			);
			name = Frameworks;
			sourceTree = "<group>";
		};
		50A1040A15B9F1490075EE0E /* Other Frameworks */ = {
			isa = PBXGroup;
			children = (
				50A1040B15B9F1490075EE0E /* AppKit.framework */,
				50A1040C15B9F1490075EE0E /* CoreData.framework */,
				50A1040D15B9F1490075EE0E /* Foundation.framework */,
			);
			name = "Other Frameworks";
			sourceTree = "<group>";
		};
		50A1040E15B9F1490075EE0E /* OSX */ = {
			isa = PBXGroup;
			children = (
				50A1041A15B9F1490075EE0E /* AppDelegate.h */,
				50A1041B15B9F1490075EE0E /* AppDelegate.m */,
				50A1042C15B9F2050075EE0E /* Viewport.h */,
				50A1042D15B9F2050075EE0E /* Viewport.m */,
				96103DBC16B0937F002A0430 /* Editor_visual.h */,
				96103DBD16B0937F002A0430 /* Editor_visual.ll.o */,
				96103E0E16B09428002A0430 /* runtime.c */,
				96103E0A16B09400002A0430 /* gc_runtime.o */,
				96103E0916B093D6002A0430 /* z.c */,
				96103E0B16B09400002A0430 /* z.o */,
				50A1040F15B9F1490075EE0E /* Supporting Files */,
			);
			path = OSX;
			sourceTree = "<group>";
		};
		50A1040F15B9F1490075EE0E /* Supporting Files */ = {
			isa = PBXGroup;
			children = (
				50A1041D15B9F1490075EE0E /* MainMenu.xib */,
				50A1041015B9F1490075EE0E /* Editor-Info.plist */,
				50A1041115B9F1490075EE0E /* InfoPlist.strings */,
				50A1041415B9F1490075EE0E /* main.m */,
				50A1041615B9F1490075EE0E /* Editor-Prefix.pch */,
			);
			name = "Supporting Files";
			sourceTree = "<group>";
		};
		966D3D0F16A9503B00183D97 /* Skylark */ = {
			isa = PBXGroup;
			children = (
				966D3D1816A9503B00183D97 /* AppDelegate.h */,
				966D3D1916A9503B00183D97 /* AppDelegate.m */,
				966D3D2116A9503B00183D97 /* Shader.fsh */,
				966D3D2316A9503B00183D97 /* Shader.vsh */,
				966D3D2516A9503B00183D97 /* EditorViewController.h */,
				966D3D2616A9503B00183D97 /* EditorViewController.m */,
				966D3D3B16A95B4900183D97 /* FlickDynamics.h */,
				966D3D3C16A95B4A00183D97 /* FlickDynamics.m */,
				966D3D1016A9503B00183D97 /* Supporting Files */,
			);
			path = Skylark;
			sourceTree = "<group>";
		};
		966D3D1016A9503B00183D97 /* Supporting Files */ = {
			isa = PBXGroup;
			children = (
				966D3D1116A9503B00183D97 /* Skylark-Info.plist */,
				966D3D1216A9503B00183D97 /* InfoPlist.strings */,
				966D3D1516A9503B00183D97 /* main.m */,
				966D3D1716A9503B00183D97 /* Skylark-Prefix.pch */,
				966D3D1B16A9503B00183D97 /* Default.png */,
				966D3D1D16A9503B00183D97 /* Default@2x.png */,
				966D3D1F16A9503B00183D97 /* Default-568h@2x.png */,
			);
			name = "Supporting Files";
			sourceTree = "<group>";
		};
/* End PBXGroup section */

/* Begin PBXNativeTarget section */
		50A1040315B9F1490075EE0E /* Editor */ = {
			isa = PBXNativeTarget;
			buildConfigurationList = 50A1042215B9F1490075EE0E /* Build configuration list for PBXNativeTarget "Editor" */;
			buildPhases = (
				50A1040015B9F1490075EE0E /* Sources */,
				50A1040115B9F1490075EE0E /* Frameworks */,
				50A1040215B9F1490075EE0E /* Resources */,
			);
			buildRules = (
			);
			dependencies = (
			);
			name = Editor;
			productName = Editor;
			productReference = 50A1040415B9F1490075EE0E /* Editor.app */;
			productType = "com.apple.product-type.application";
		};
		966D3D0216A9503A00183D97 /* Skylark */ = {
			isa = PBXNativeTarget;
			buildConfigurationList = 966D3D2D16A9503B00183D97 /* Build configuration list for PBXNativeTarget "Skylark" */;
			buildPhases = (
				966D3CFF16A9503A00183D97 /* Sources */,
				966D3D0016A9503A00183D97 /* Frameworks */,
				966D3D0116A9503A00183D97 /* Resources */,
			);
			buildRules = (
			);
			dependencies = (
			);
			name = Skylark;
			productName = Skylark;
			productReference = 966D3D0316A9503B00183D97 /* Skylark.app */;
			productType = "com.apple.product-type.application";
		};
/* End PBXNativeTarget section */

/* Begin PBXProject section */
		50A103FB15B9F1480075EE0E /* Project object */ = {
			isa = PBXProject;
			attributes = {
				LastUpgradeCheck = 0450;
				ORGANIZATIONNAME = Archipelago;
			};
			buildConfigurationList = 50A103FE15B9F1480075EE0E /* Build configuration list for PBXProject "Editor" */;
			compatibilityVersion = "Xcode 3.2";
			developmentRegion = English;
			hasScannedForEncodings = 0;
			knownRegions = (
				en,
			);
			mainGroup = 50A103F915B9F1480075EE0E;
			productRefGroup = 50A1040515B9F1490075EE0E /* Products */;
			projectDirPath = "";
			projectRoot = "";
			targets = (
				50A1040315B9F1490075EE0E /* Editor */,
				966D3D0216A9503A00183D97 /* Skylark */,
			);
		};
/* End PBXProject section */

/* Begin PBXResourcesBuildPhase section */
		50A1040215B9F1490075EE0E /* Resources */ = {
			isa = PBXResourcesBuildPhase;
			buildActionMask = 2147483647;
			files = (
				50A1041315B9F1490075EE0E /* InfoPlist.strings in Resources */,
				50A1041F15B9F1490075EE0E /* MainMenu.xib in Resources */,
			);
			runOnlyForDeploymentPostprocessing = 0;
		};
		966D3D0116A9503A00183D97 /* Resources */ = {
			isa = PBXResourcesBuildPhase;
			buildActionMask = 2147483647;
			files = (
				966D3D1416A9503B00183D97 /* InfoPlist.strings in Resources */,
				966D3D1C16A9503B00183D97 /* Default.png in Resources */,
				966D3D1E16A9503B00183D97 /* Default@2x.png in Resources */,
				966D3D2016A9503B00183D97 /* Default-568h@2x.png in Resources */,
				966D3D2216A9503B00183D97 /* Shader.fsh in Resources */,
				966D3D2416A9503B00183D97 /* Shader.vsh in Resources */,
			);
			runOnlyForDeploymentPostprocessing = 0;
		};
/* End PBXResourcesBuildPhase section */

/* Begin PBXSourcesBuildPhase section */
		50A1040015B9F1490075EE0E /* Sources */ = {
			isa = PBXSourcesBuildPhase;
			buildActionMask = 2147483647;
			files = (
				50A1041515B9F1490075EE0E /* main.m in Sources */,
				50A1041C15B9F1490075EE0E /* AppDelegate.m in Sources */,
				50A1042E15B9F2050075EE0E /* Viewport.m in Sources */,
			);
			runOnlyForDeploymentPostprocessing = 0;
		};
		966D3CFF16A9503A00183D97 /* Sources */ = {
			isa = PBXSourcesBuildPhase;
			buildActionMask = 2147483647;
			files = (
				966D3D1616A9503B00183D97 /* main.m in Sources */,
				966D3D1A16A9503B00183D97 /* AppDelegate.m in Sources */,
				966D3D2716A9503B00183D97 /* EditorViewController.m in Sources */,
				966D3D3D16A95B4A00183D97 /* FlickDynamics.m in Sources */,
			);
			runOnlyForDeploymentPostprocessing = 0;
		};
/* End PBXSourcesBuildPhase section */

/* Begin PBXVariantGroup section */
		50A1041115B9F1490075EE0E /* InfoPlist.strings */ = {
			isa = PBXVariantGroup;
			children = (
				50A1041215B9F1490075EE0E /* en */,
			);
			name = InfoPlist.strings;
			sourceTree = "<group>";
		};
		50A1041D15B9F1490075EE0E /* MainMenu.xib */ = {
			isa = PBXVariantGroup;
			children = (
				50A1041E15B9F1490075EE0E /* en */,
			);
			name = MainMenu.xib;
			sourceTree = "<group>";
		};
		966D3D1216A9503B00183D97 /* InfoPlist.strings */ = {
			isa = PBXVariantGroup;
			children = (
				966D3D1316A9503B00183D97 /* en */,
			);
			name = InfoPlist.strings;
			sourceTree = "<group>";
		};
/* End PBXVariantGroup section */

/* Begin XCBuildConfiguration section */
		50A1042015B9F1490075EE0E /* Debug */ = {
			isa = XCBuildConfiguration;
			buildSettings = {
				ALWAYS_SEARCH_USER_PATHS = NO;
				ARCHS = "$(ARCHS_STANDARD_64_BIT)";
				CLANG_ENABLE_OBJC_ARC = YES;
				COPY_PHASE_STRIP = NO;
				GCC_C_LANGUAGE_STANDARD = gnu99;
				GCC_DYNAMIC_NO_PIC = NO;
				GCC_ENABLE_OBJC_EXCEPTIONS = YES;
				GCC_OPTIMIZATION_LEVEL = 0;
				GCC_PREPROCESSOR_DEFINITIONS = (
					"DEBUG=1",
					"$(inherited)",
				);
				GCC_SYMBOLS_PRIVATE_EXTERN = NO;
				GCC_VERSION = com.apple.compilers.llvm.clang.1_0;
				GCC_WARN_64_TO_32_BIT_CONVERSION = YES;
				GCC_WARN_ABOUT_RETURN_TYPE = YES;
				GCC_WARN_UNINITIALIZED_AUTOS = YES;
				GCC_WARN_UNUSED_VARIABLE = YES;
				HEADER_SEARCH_PATHS = include;
				MACOSX_DEPLOYMENT_TARGET = 10.7;
				ONLY_ACTIVE_ARCH = YES;
				SDKROOT = macosx;
			};
			name = Debug;
		};
		50A1042115B9F1490075EE0E /* Release */ = {
			isa = XCBuildConfiguration;
			buildSettings = {
				ALWAYS_SEARCH_USER_PATHS = NO;
				ARCHS = "$(ARCHS_STANDARD_64_BIT)";
				CLANG_ENABLE_OBJC_ARC = YES;
				COPY_PHASE_STRIP = YES;
				DEBUG_INFORMATION_FORMAT = "dwarf-with-dsym";
				GCC_C_LANGUAGE_STANDARD = gnu99;
				GCC_ENABLE_OBJC_EXCEPTIONS = YES;
				GCC_VERSION = com.apple.compilers.llvm.clang.1_0;
				GCC_WARN_64_TO_32_BIT_CONVERSION = YES;
				GCC_WARN_ABOUT_RETURN_TYPE = YES;
				GCC_WARN_UNINITIALIZED_AUTOS = YES;
				GCC_WARN_UNUSED_VARIABLE = YES;
				HEADER_SEARCH_PATHS = include;
				MACOSX_DEPLOYMENT_TARGET = 10.7;
				SDKROOT = macosx;
			};
			name = Release;
		};
		50A1042315B9F1490075EE0E /* Debug */ = {
			isa = XCBuildConfiguration;
			buildSettings = {
				COMBINE_HIDPI_IMAGES = YES;
				GCC_PRECOMPILE_PREFIX_HEADER = YES;
				GCC_PREFIX_HEADER = "OSX/Editor-Prefix.pch";
				INFOPLIST_FILE = "OSX/Editor-Info.plist";
				PRODUCT_NAME = "$(TARGET_NAME)";
				WRAPPER_EXTENSION = app;
			};
			name = Debug;
		};
		50A1042415B9F1490075EE0E /* Release */ = {
			isa = XCBuildConfiguration;
			buildSettings = {
				COMBINE_HIDPI_IMAGES = YES;
				GCC_PRECOMPILE_PREFIX_HEADER = YES;
				GCC_PREFIX_HEADER = "OSX/Editor-Prefix.pch";
				INFOPLIST_FILE = "OSX/Editor-Info.plist";
				PRODUCT_NAME = "$(TARGET_NAME)";
				WRAPPER_EXTENSION = app;
			};
			name = Release;
		};
		966D3D2B16A9503B00183D97 /* Debug */ = {
			isa = XCBuildConfiguration;
			buildSettings = {
				ARCHS = "$(ARCHS_STANDARD_32_BIT)";
				CLANG_CXX_LANGUAGE_STANDARD = "gnu++0x";
				CLANG_CXX_LIBRARY = "libc++";
				CLANG_WARN_EMPTY_BODY = YES;
				CLANG_WARN__DUPLICATE_METHOD_MATCH = YES;
				"CODE_SIGN_IDENTITY[sdk=iphoneos*]" = "iPhone Developer";
				FRAMEWORK_SEARCH_PATHS = (
					"$(inherited)",
					"\"$(SYSTEM_APPS_DIR)/Xcode.app/Contents/Developer/Library/Frameworks\"",
				);
				GCC_PRECOMPILE_PREFIX_HEADER = YES;
				GCC_PREFIX_HEADER = "Skylark/Skylark-Prefix.pch";
				INFOPLIST_FILE = "Skylark/Skylark-Info.plist";
				IPHONEOS_DEPLOYMENT_TARGET = 6.0;
				PRODUCT_NAME = "$(TARGET_NAME)";
				SDKROOT = iphoneos;
				WRAPPER_EXTENSION = app;
			};
			name = Debug;
		};
		966D3D2C16A9503B00183D97 /* Release */ = {
			isa = XCBuildConfiguration;
			buildSettings = {
				ARCHS = "$(ARCHS_STANDARD_32_BIT)";
				CLANG_CXX_LANGUAGE_STANDARD = "gnu++0x";
				CLANG_CXX_LIBRARY = "libc++";
				CLANG_WARN_EMPTY_BODY = YES;
				CLANG_WARN__DUPLICATE_METHOD_MATCH = YES;
				"CODE_SIGN_IDENTITY[sdk=iphoneos*]" = "iPhone Developer";
				FRAMEWORK_SEARCH_PATHS = (
					"$(inherited)",
					"\"$(SYSTEM_APPS_DIR)/Xcode.app/Contents/Developer/Library/Frameworks\"",
				);
				GCC_PRECOMPILE_PREFIX_HEADER = YES;
				GCC_PREFIX_HEADER = "Skylark/Skylark-Prefix.pch";
				INFOPLIST_FILE = "Skylark/Skylark-Info.plist";
				IPHONEOS_DEPLOYMENT_TARGET = 6.0;
				OTHER_CFLAGS = "-DNS_BLOCK_ASSERTIONS=1";
				PRODUCT_NAME = "$(TARGET_NAME)";
				SDKROOT = iphoneos;
				VALIDATE_PRODUCT = YES;
				WRAPPER_EXTENSION = app;
			};
			name = Release;
		};
/* End XCBuildConfiguration section */

/* Begin XCConfigurationList section */
		50A103FE15B9F1480075EE0E /* Build configuration list for PBXProject "Editor" */ = {
			isa = XCConfigurationList;
			buildConfigurations = (
				50A1042015B9F1490075EE0E /* Debug */,
				50A1042115B9F1490075EE0E /* Release */,
			);
			defaultConfigurationIsVisible = 0;
			defaultConfigurationName = Release;
		};
		50A1042215B9F1490075EE0E /* Build configuration list for PBXNativeTarget "Editor" */ = {
			isa = XCConfigurationList;
			buildConfigurations = (
				50A1042315B9F1490075EE0E /* Debug */,
				50A1042415B9F1490075EE0E /* Release */,
			);
			defaultConfigurationIsVisible = 0;
			defaultConfigurationName = Release;
		};
		966D3D2D16A9503B00183D97 /* Build configuration list for PBXNativeTarget "Skylark" */ = {
			isa = XCConfigurationList;
			buildConfigurations = (
				966D3D2B16A9503B00183D97 /* Debug */,
				966D3D2C16A9503B00183D97 /* Release */,
			);
			defaultConfigurationIsVisible = 0;
			defaultConfigurationName = Release;
		};
/* End XCConfigurationList section */
	};
	rootObject = 50A103FB15B9F1480075EE0E /* Project object */;
}
